// !$*UTF8*$!
{
	archiveVersion = 1;
	classes = {
	};
	objectVersion = 56;
	objects = {

/* Begin PBXBuildFile section */
		FF30F66C28E7296E0099317C /* AppDelegate.swift in Sources */ = {isa = PBXBuildFile; fileRef = FF30F66B28E7296E0099317C /* AppDelegate.swift */; };
		FF30F66E28E7296E0099317C /* SceneDelegate.swift in Sources */ = {isa = PBXBuildFile; fileRef = FF30F66D28E7296E0099317C /* SceneDelegate.swift */; };
		FF30F67528E729770099317C /* Assets.xcassets in Resources */ = {isa = PBXBuildFile; fileRef = FF30F67428E729770099317C /* Assets.xcassets */; };
		FF30F68828E72AD40099317C /* StartVC.swift in Sources */ = {isa = PBXBuildFile; fileRef = FF30F68628E72AD40099317C /* StartVC.swift */; };
		FF30F68928E72AD40099317C /* StartVC.xib in Resources */ = {isa = PBXBuildFile; fileRef = FF30F68728E72AD40099317C /* StartVC.xib */; };
		FF30F68D28E7347E0099317C /* SettingsVC.swift in Sources */ = {isa = PBXBuildFile; fileRef = FF30F68B28E7347E0099317C /* SettingsVC.swift */; };
		FF30F68E28E7347E0099317C /* SettingsVC.xib in Resources */ = {isa = PBXBuildFile; fileRef = FF30F68C28E7347E0099317C /* SettingsVC.xib */; };
		FF30F69028E7370F0099317C /* UserDefaultsManager.swift in Sources */ = {isa = PBXBuildFile; fileRef = FF30F68F28E7370F0099317C /* UserDefaultsManager.swift */; };
		FF30F69228E73C2E0099317C /* SettingsViewModel.swift in Sources */ = {isa = PBXBuildFile; fileRef = FF30F69128E73C2E0099317C /* SettingsViewModel.swift */; };
		FF30F69628E73F8E0099317C /* SettingsCell.swift in Sources */ = {isa = PBXBuildFile; fileRef = FF30F69428E73F8E0099317C /* SettingsCell.swift */; };
		FF30F69728E73F8E0099317C /* SettingsCell.xib in Resources */ = {isa = PBXBuildFile; fileRef = FF30F69528E73F8E0099317C /* SettingsCell.xib */; };
		FF30F69928E745D70099317C /* SettingsParametr.swift in Sources */ = {isa = PBXBuildFile; fileRef = FF30F69828E745D70099317C /* SettingsParametr.swift */; };
		FF30F69C28E74A7A0099317C /* ShowError.swift in Sources */ = {isa = PBXBuildFile; fileRef = FF30F69B28E74A7A0099317C /* ShowError.swift */; };
		FFFB786028E96DBD00A0649C /* GameVC.swift in Sources */ = {isa = PBXBuildFile; fileRef = FFFB785E28E96DBC00A0649C /* GameVC.swift */; };
		FFFB786128E96DBD00A0649C /* GameVC.xib in Resources */ = {isa = PBXBuildFile; fileRef = FFFB785F28E96DBC00A0649C /* GameVC.xib */; };
		FFFB786328E96DDF00A0649C /* GameViewModel.swift in Sources */ = {isa = PBXBuildFile; fileRef = FFFB786228E96DDF00A0649C /* GameViewModel.swift */; };
		FFFB786628E9729E00A0649C /* GameView.swift in Sources */ = {isa = PBXBuildFile; fileRef = FFFB786528E9729E00A0649C /* GameView.swift */; };
		FFFB786928E974FA00A0649C /* Square.swift in Sources */ = {isa = PBXBuildFile; fileRef = FFFB786828E974FA00A0649C /* Square.swift */; };
		FFFB786B28E9752900A0649C /* Coordinates.swift in Sources */ = {isa = PBXBuildFile; fileRef = FFFB786A28E9752900A0649C /* Coordinates.swift */; };
		FFFB786D28E9766200A0649C /* Labyrinth.swift in Sources */ = {isa = PBXBuildFile; fileRef = FFFB786C28E9766200A0649C /* Labyrinth.swift */; };
		FFFB786F28E9802000A0649C /* LabyrinthTask.txt in Resources */ = {isa = PBXBuildFile; fileRef = FFFB786E28E9802000A0649C /* LabyrinthTask.txt */; };
		FFFB787128E980EA00A0649C /* FileManager.swift in Sources */ = {isa = PBXBuildFile; fileRef = FFFB787028E980EA00A0649C /* FileManager.swift */; };
		FFFB787328E995D500A0649C /* CharacterPosition.swift in Sources */ = {isa = PBXBuildFile; fileRef = FFFB787228E995D500A0649C /* CharacterPosition.swift */; };
/* End PBXBuildFile section */

/* Begin PBXFileReference section */
		FF30F66828E7296E0099317C /* FindYourPath.app */ = {isa = PBXFileReference; explicitFileType = wrapper.application; includeInIndex = 0; path = FindYourPath.app; sourceTree = BUILT_PRODUCTS_DIR; };
		FF30F66B28E7296E0099317C /* AppDelegate.swift */ = {isa = PBXFileReference; lastKnownFileType = sourcecode.swift; path = AppDelegate.swift; sourceTree = "<group>"; };
		FF30F66D28E7296E0099317C /* SceneDelegate.swift */ = {isa = PBXFileReference; lastKnownFileType = sourcecode.swift; path = SceneDelegate.swift; sourceTree = "<group>"; };
		FF30F67428E729770099317C /* Assets.xcassets */ = {isa = PBXFileReference; lastKnownFileType = folder.assetcatalog; path = Assets.xcassets; sourceTree = "<group>"; };
		FF30F67928E729770099317C /* Info.plist */ = {isa = PBXFileReference; lastKnownFileType = text.plist.xml; path = Info.plist; sourceTree = "<group>"; };
		FF30F68628E72AD40099317C /* StartVC.swift */ = {isa = PBXFileReference; lastKnownFileType = sourcecode.swift; path = StartVC.swift; sourceTree = "<group>"; };
		FF30F68728E72AD40099317C /* StartVC.xib */ = {isa = PBXFileReference; lastKnownFileType = file.xib; path = StartVC.xib; sourceTree = "<group>"; };
		FF30F68B28E7347E0099317C /* SettingsVC.swift */ = {isa = PBXFileReference; lastKnownFileType = sourcecode.swift; path = SettingsVC.swift; sourceTree = "<group>"; };
		FF30F68C28E7347E0099317C /* SettingsVC.xib */ = {isa = PBXFileReference; lastKnownFileType = file.xib; path = SettingsVC.xib; sourceTree = "<group>"; };
		FF30F68F28E7370F0099317C /* UserDefaultsManager.swift */ = {isa = PBXFileReference; lastKnownFileType = sourcecode.swift; path = UserDefaultsManager.swift; sourceTree = "<group>"; };
		FF30F69128E73C2E0099317C /* SettingsViewModel.swift */ = {isa = PBXFileReference; lastKnownFileType = sourcecode.swift; path = SettingsViewModel.swift; sourceTree = "<group>"; };
		FF30F69428E73F8E0099317C /* SettingsCell.swift */ = {isa = PBXFileReference; lastKnownFileType = sourcecode.swift; path = SettingsCell.swift; sourceTree = "<group>"; };
		FF30F69528E73F8E0099317C /* SettingsCell.xib */ = {isa = PBXFileReference; lastKnownFileType = file.xib; path = SettingsCell.xib; sourceTree = "<group>"; };
		FF30F69828E745D70099317C /* SettingsParametr.swift */ = {isa = PBXFileReference; lastKnownFileType = sourcecode.swift; path = SettingsParametr.swift; sourceTree = "<group>"; };
		FF30F69B28E74A7A0099317C /* ShowError.swift */ = {isa = PBXFileReference; lastKnownFileType = sourcecode.swift; path = ShowError.swift; sourceTree = "<group>"; };
		FFFB785E28E96DBC00A0649C /* GameVC.swift */ = {isa = PBXFileReference; lastKnownFileType = sourcecode.swift; path = GameVC.swift; sourceTree = "<group>"; };
		FFFB785F28E96DBC00A0649C /* GameVC.xib */ = {isa = PBXFileReference; lastKnownFileType = file.xib; path = GameVC.xib; sourceTree = "<group>"; };
		FFFB786228E96DDF00A0649C /* GameViewModel.swift */ = {isa = PBXFileReference; lastKnownFileType = sourcecode.swift; path = GameViewModel.swift; sourceTree = "<group>"; };
		FFFB786528E9729E00A0649C /* GameView.swift */ = {isa = PBXFileReference; lastKnownFileType = sourcecode.swift; path = GameView.swift; sourceTree = "<group>"; };
		FFFB786828E974FA00A0649C /* Square.swift */ = {isa = PBXFileReference; lastKnownFileType = sourcecode.swift; path = Square.swift; sourceTree = "<group>"; };
		FFFB786A28E9752900A0649C /* Coordinates.swift */ = {isa = PBXFileReference; lastKnownFileType = sourcecode.swift; path = Coordinates.swift; sourceTree = "<group>"; };
		FFFB786C28E9766200A0649C /* Labyrinth.swift */ = {isa = PBXFileReference; lastKnownFileType = sourcecode.swift; path = Labyrinth.swift; sourceTree = "<group>"; };
		FFFB786E28E9802000A0649C /* LabyrinthTask.txt */ = {isa = PBXFileReference; lastKnownFileType = text; path = LabyrinthTask.txt; sourceTree = "<group>"; };
		FFFB787028E980EA00A0649C /* FileManager.swift */ = {isa = PBXFileReference; lastKnownFileType = sourcecode.swift; path = FileManager.swift; sourceTree = "<group>"; };
		FFFB787228E995D500A0649C /* CharacterPosition.swift */ = {isa = PBXFileReference; lastKnownFileType = sourcecode.swift; path = CharacterPosition.swift; sourceTree = "<group>"; };
/* End PBXFileReference section */

/* Begin PBXFrameworksBuildPhase section */
		FF30F66528E7296E0099317C /* Frameworks */ = {
			isa = PBXFrameworksBuildPhase;
			buildActionMask = 2147483647;
			files = (
			);
			runOnlyForDeploymentPostprocessing = 0;
		};
/* End PBXFrameworksBuildPhase section */

/* Begin PBXGroup section */
		FF30F65F28E7296D0099317C = {
			isa = PBXGroup;
			children = (
				FF30F66A28E7296E0099317C /* FindYourPath */,
				FF30F66928E7296E0099317C /* Products */,
			);
			sourceTree = "<group>";
		};
		FF30F66928E7296E0099317C /* Products */ = {
			isa = PBXGroup;
			children = (
				FF30F66828E7296E0099317C /* FindYourPath.app */,
			);
			name = Products;
			sourceTree = "<group>";
		};
		FF30F66A28E7296E0099317C /* FindYourPath */ = {
			isa = PBXGroup;
			children = (
				FF30F68428E72A5C0099317C /* Manager */,
				FF30F68328E72A550099317C /* Model */,
				FF30F68228E72A4F0099317C /* View */,
				FF30F68128E729E30099317C /* Controller */,
				FF30F68028E729D50099317C /* Resource */,
				FF30F67F28E7298F0099317C /* App */,
			);
			path = FindYourPath;
			sourceTree = "<group>";
		};
		FF30F67F28E7298F0099317C /* App */ = {
			isa = PBXGroup;
			children = (
				FF30F67928E729770099317C /* Info.plist */,
				FF30F66D28E7296E0099317C /* SceneDelegate.swift */,
				FF30F66B28E7296E0099317C /* AppDelegate.swift */,
			);
			path = App;
			sourceTree = "<group>";
		};
		FF30F68028E729D50099317C /* Resource */ = {
			isa = PBXGroup;
			children = (
				FF30F67428E729770099317C /* Assets.xcassets */,
				FFFB786E28E9802000A0649C /* LabyrinthTask.txt */,
			);
			path = Resource;
			sourceTree = "<group>";
		};
		FF30F68128E729E30099317C /* Controller */ = {
			isa = PBXGroup;
			children = (
				FFFB785D28E96D2A00A0649C /* GameVC */,
				FF30F69A28E74A650099317C /* Extension */,
				FF30F68A28E7345F0099317C /* SettingsVC */,
				FF30F68528E72ABA0099317C /* StartVC */,
			);
			path = Controller;
			sourceTree = "<group>";
		};
		FF30F68228E72A4F0099317C /* View */ = {
			isa = PBXGroup;
			children = (
				FFFB786428E9728400A0649C /* GameView */,
				FF30F69328E73F530099317C /* SettingsCell */,
			);
			path = View;
			sourceTree = "<group>";
		};
		FF30F68328E72A550099317C /* Model */ = {
			isa = PBXGroup;
			children = (
				FFFB786728E974BC00A0649C /* Labyrinth */,
				FF30F69828E745D70099317C /* SettingsParametr.swift */,
			);
			path = Model;
			sourceTree = "<group>";
		};
		FF30F68428E72A5C0099317C /* Manager */ = {
			isa = PBXGroup;
			children = (
				FF30F68F28E7370F0099317C /* UserDefaultsManager.swift */,
				FFFB787028E980EA00A0649C /* FileManager.swift */,
			);
			path = Manager;
			sourceTree = "<group>";
		};
		FF30F68528E72ABA0099317C /* StartVC */ = {
			isa = PBXGroup;
			children = (
				FF30F68628E72AD40099317C /* StartVC.swift */,
				FF30F68728E72AD40099317C /* StartVC.xib */,
			);
			path = StartVC;
			sourceTree = "<group>";
		};
		FF30F68A28E7345F0099317C /* SettingsVC */ = {
			isa = PBXGroup;
			children = (
				FF30F68B28E7347E0099317C /* SettingsVC.swift */,
				FF30F68C28E7347E0099317C /* SettingsVC.xib */,
				FF30F69128E73C2E0099317C /* SettingsViewModel.swift */,
			);
			path = SettingsVC;
			sourceTree = "<group>";
		};
		FF30F69328E73F530099317C /* SettingsCell */ = {
			isa = PBXGroup;
			children = (
				FF30F69428E73F8E0099317C /* SettingsCell.swift */,
				FF30F69528E73F8E0099317C /* SettingsCell.xib */,
			);
			path = SettingsCell;
			sourceTree = "<group>";
		};
		FF30F69A28E74A650099317C /* Extension */ = {
			isa = PBXGroup;
			children = (
				FF30F69B28E74A7A0099317C /* ShowError.swift */,
			);
			path = Extension;
			sourceTree = "<group>";
		};
		FFFB785D28E96D2A00A0649C /* GameVC */ = {
			isa = PBXGroup;
			children = (
				FFFB785E28E96DBC00A0649C /* GameVC.swift */,
				FFFB785F28E96DBC00A0649C /* GameVC.xib */,
				FFFB786228E96DDF00A0649C /* GameViewModel.swift */,
			);
			path = GameVC;
			sourceTree = "<group>";
		};
		FFFB786428E9728400A0649C /* GameView */ = {
			isa = PBXGroup;
			children = (
				FFFB786528E9729E00A0649C /* GameView.swift */,
			);
			path = GameView;
			sourceTree = "<group>";
		};
		FFFB786728E974BC00A0649C /* Labyrinth */ = {
			isa = PBXGroup;
			children = (
				FFFB786828E974FA00A0649C /* Square.swift */,
				FFFB786A28E9752900A0649C /* Coordinates.swift */,
				FFFB786C28E9766200A0649C /* Labyrinth.swift */,
				FFFB787228E995D500A0649C /* CharacterPosition.swift */,
			);
			path = Labyrinth;
			sourceTree = "<group>";
		};
/* End PBXGroup section */

/* Begin PBXNativeTarget section */
		FF30F66728E7296E0099317C /* FindYourPath */ = {
			isa = PBXNativeTarget;
			buildConfigurationList = FF30F67C28E729770099317C /* Build configuration list for PBXNativeTarget "FindYourPath" */;
			buildPhases = (
				FF30F66428E7296E0099317C /* Sources */,
				FF30F66528E7296E0099317C /* Frameworks */,
				FF30F66628E7296E0099317C /* Resources */,
			);
			buildRules = (
			);
			dependencies = (
			);
			name = FindYourPath;
			productName = FindYourPath;
			productReference = FF30F66828E7296E0099317C /* FindYourPath.app */;
			productType = "com.apple.product-type.application";
		};
/* End PBXNativeTarget section */

/* Begin PBXProject section */
		FF30F66028E7296D0099317C /* Project object */ = {
			isa = PBXProject;
			attributes = {
				BuildIndependentTargetsInParallel = 1;
				LastSwiftUpdateCheck = 1400;
				LastUpgradeCheck = 1400;
				TargetAttributes = {
					FF30F66728E7296E0099317C = {
						CreatedOnToolsVersion = 14.0;
					};
				};
			};
			buildConfigurationList = FF30F66328E7296D0099317C /* Build configuration list for PBXProject "FindYourPath" */;
			compatibilityVersion = "Xcode 14.0";
			developmentRegion = en;
			hasScannedForEncodings = 0;
			knownRegions = (
				en,
				Base,
			);
			mainGroup = FF30F65F28E7296D0099317C;
			productRefGroup = FF30F66928E7296E0099317C /* Products */;
			projectDirPath = "";
			projectRoot = "";
			targets = (
				FF30F66728E7296E0099317C /* FindYourPath */,
			);
		};
/* End PBXProject section */

/* Begin PBXResourcesBuildPhase section */
		FF30F66628E7296E0099317C /* Resources */ = {
			isa = PBXResourcesBuildPhase;
			buildActionMask = 2147483647;
			files = (
				FF30F68E28E7347E0099317C /* SettingsVC.xib in Resources */,
				FFFB786F28E9802000A0649C /* LabyrinthTask.txt in Resources */,
				FFFB786128E96DBD00A0649C /* GameVC.xib in Resources */,
				FF30F67528E729770099317C /* Assets.xcassets in Resources */,
				FF30F69728E73F8E0099317C /* SettingsCell.xib in Resources */,
				FF30F68928E72AD40099317C /* StartVC.xib in Resources */,
			);
			runOnlyForDeploymentPostprocessing = 0;
		};
/* End PBXResourcesBuildPhase section */

/* Begin PBXSourcesBuildPhase section */
		FF30F66428E7296E0099317C /* Sources */ = {
			isa = PBXSourcesBuildPhase;
			buildActionMask = 2147483647;
			files = (
				FF30F69628E73F8E0099317C /* SettingsCell.swift in Sources */,
				FFFB786D28E9766200A0649C /* Labyrinth.swift in Sources */,
				FF30F66C28E7296E0099317C /* AppDelegate.swift in Sources */,
				FF30F69028E7370F0099317C /* UserDefaultsManager.swift in Sources */,
				FFFB786328E96DDF00A0649C /* GameViewModel.swift in Sources */,
				FF30F68D28E7347E0099317C /* SettingsVC.swift in Sources */,
				FF30F69C28E74A7A0099317C /* ShowError.swift in Sources */,
				FFFB787128E980EA00A0649C /* FileManager.swift in Sources */,
				FF30F66E28E7296E0099317C /* SceneDelegate.swift in Sources */,
				FFFB787328E995D500A0649C /* CharacterPosition.swift in Sources */,
				FF30F68828E72AD40099317C /* StartVC.swift in Sources */,
				FF30F69928E745D70099317C /* SettingsParametr.swift in Sources */,
				FFFB786B28E9752900A0649C /* Coordinates.swift in Sources */,
				FFFB786928E974FA00A0649C /* Square.swift in Sources */,
				FFFB786028E96DBD00A0649C /* GameVC.swift in Sources */,
				FFFB786628E9729E00A0649C /* GameView.swift in Sources */,
				FF30F69228E73C2E0099317C /* SettingsViewModel.swift in Sources */,
			);
			runOnlyForDeploymentPostprocessing = 0;
		};
/* End PBXSourcesBuildPhase section */

/* Begin XCBuildConfiguration section */
		FF30F67A28E729770099317C /* Debug */ = {
			isa = XCBuildConfiguration;
			buildSettings = {
				ALWAYS_SEARCH_USER_PATHS = NO;
				CLANG_ANALYZER_NONNULL = YES;
				CLANG_ANALYZER_NUMBER_OBJECT_CONVERSION = YES_AGGRESSIVE;
				CLANG_CXX_LANGUAGE_STANDARD = "gnu++20";
				CLANG_ENABLE_MODULES = YES;
				CLANG_ENABLE_OBJC_ARC = YES;
				CLANG_ENABLE_OBJC_WEAK = YES;
				CLANG_WARN_BLOCK_CAPTURE_AUTORELEASING = YES;
				CLANG_WARN_BOOL_CONVERSION = YES;
				CLANG_WARN_COMMA = YES;
				CLANG_WARN_CONSTANT_CONVERSION = YES;
				CLANG_WARN_DEPRECATED_OBJC_IMPLEMENTATIONS = YES;
				CLANG_WARN_DIRECT_OBJC_ISA_USAGE = YES_ERROR;
				CLANG_WARN_DOCUMENTATION_COMMENTS = YES;
				CLANG_WARN_EMPTY_BODY = YES;
				CLANG_WARN_ENUM_CONVERSION = YES;
				CLANG_WARN_INFINITE_RECURSION = YES;
				CLANG_WARN_INT_CONVERSION = YES;
				CLANG_WARN_NON_LITERAL_NULL_CONVERSION = YES;
				CLANG_WARN_OBJC_IMPLICIT_RETAIN_SELF = YES;
				CLANG_WARN_OBJC_LITERAL_CONVERSION = YES;
				CLANG_WARN_OBJC_ROOT_CLASS = YES_ERROR;
				CLANG_WARN_QUOTED_INCLUDE_IN_FRAMEWORK_HEADER = YES;
				CLANG_WARN_RANGE_LOOP_ANALYSIS = YES;
				CLANG_WARN_STRICT_PROTOTYPES = YES;
				CLANG_WARN_SUSPICIOUS_MOVE = YES;
				CLANG_WARN_UNGUARDED_AVAILABILITY = YES_AGGRESSIVE;
				CLANG_WARN_UNREACHABLE_CODE = YES;
				CLANG_WARN__DUPLICATE_METHOD_MATCH = YES;
				COPY_PHASE_STRIP = NO;
				DEBUG_INFORMATION_FORMAT = dwarf;
				ENABLE_STRICT_OBJC_MSGSEND = YES;
				ENABLE_TESTABILITY = YES;
				GCC_C_LANGUAGE_STANDARD = gnu11;
				GCC_DYNAMIC_NO_PIC = NO;
				GCC_NO_COMMON_BLOCKS = YES;
				GCC_OPTIMIZATION_LEVEL = 0;
				GCC_PREPROCESSOR_DEFINITIONS = (
					"DEBUG=1",
					"$(inherited)",
				);
				GCC_WARN_64_TO_32_BIT_CONVERSION = YES;
				GCC_WARN_ABOUT_RETURN_TYPE = YES_ERROR;
				GCC_WARN_UNDECLARED_SELECTOR = YES;
				GCC_WARN_UNINITIALIZED_AUTOS = YES_AGGRESSIVE;
				GCC_WARN_UNUSED_FUNCTION = YES;
				GCC_WARN_UNUSED_VARIABLE = YES;
				IPHONEOS_DEPLOYMENT_TARGET = 16.0;
				MTL_ENABLE_DEBUG_INFO = INCLUDE_SOURCE;
				MTL_FAST_MATH = YES;
				ONLY_ACTIVE_ARCH = YES;
				SDKROOT = iphoneos;
				SWIFT_ACTIVE_COMPILATION_CONDITIONS = DEBUG;
				SWIFT_OPTIMIZATION_LEVEL = "-Onone";
			};
			name = Debug;
		};
		FF30F67B28E729770099317C /* Release */ = {
			isa = XCBuildConfiguration;
			buildSettings = {
				ALWAYS_SEARCH_USER_PATHS = NO;
				CLANG_ANALYZER_NONNULL = YES;
				CLANG_ANALYZER_NUMBER_OBJECT_CONVERSION = YES_AGGRESSIVE;
				CLANG_CXX_LANGUAGE_STANDARD = "gnu++20";
				CLANG_ENABLE_MODULES = YES;
				CLANG_ENABLE_OBJC_ARC = YES;
				CLANG_ENABLE_OBJC_WEAK = YES;
				CLANG_WARN_BLOCK_CAPTURE_AUTORELEASING = YES;
				CLANG_WARN_BOOL_CONVERSION = YES;
				CLANG_WARN_COMMA = YES;
				CLANG_WARN_CONSTANT_CONVERSION = YES;
				CLANG_WARN_DEPRECATED_OBJC_IMPLEMENTATIONS = YES;
				CLANG_WARN_DIRECT_OBJC_ISA_USAGE = YES_ERROR;
				CLANG_WARN_DOCUMENTATION_COMMENTS = YES;
				CLANG_WARN_EMPTY_BODY = YES;
				CLANG_WARN_ENUM_CONVERSION = YES;
				CLANG_WARN_INFINITE_RECURSION = YES;
				CLANG_WARN_INT_CONVERSION = YES;
				CLANG_WARN_NON_LITERAL_NULL_CONVERSION = YES;
				CLANG_WARN_OBJC_IMPLICIT_RETAIN_SELF = YES;
				CLANG_WARN_OBJC_LITERAL_CONVERSION = YES;
				CLANG_WARN_OBJC_ROOT_CLASS = YES_ERROR;
				CLANG_WARN_QUOTED_INCLUDE_IN_FRAMEWORK_HEADER = YES;
				CLANG_WARN_RANGE_LOOP_ANALYSIS = YES;
				CLANG_WARN_STRICT_PROTOTYPES = YES;
				CLANG_WARN_SUSPICIOUS_MOVE = YES;
				CLANG_WARN_UNGUARDED_AVAILABILITY = YES_AGGRESSIVE;
				CLANG_WARN_UNREACHABLE_CODE = YES;
				CLANG_WARN__DUPLICATE_METHOD_MATCH = YES;
				COPY_PHASE_STRIP = NO;
				DEBUG_INFORMATION_FORMAT = "dwarf-with-dsym";
				ENABLE_NS_ASSERTIONS = NO;
				ENABLE_STRICT_OBJC_MSGSEND = YES;
				GCC_C_LANGUAGE_STANDARD = gnu11;
				GCC_NO_COMMON_BLOCKS = YES;
				GCC_WARN_64_TO_32_BIT_CONVERSION = YES;
				GCC_WARN_ABOUT_RETURN_TYPE = YES_ERROR;
				GCC_WARN_UNDECLARED_SELECTOR = YES;
				GCC_WARN_UNINITIALIZED_AUTOS = YES_AGGRESSIVE;
				GCC_WARN_UNUSED_FUNCTION = YES;
				GCC_WARN_UNUSED_VARIABLE = YES;
				IPHONEOS_DEPLOYMENT_TARGET = 16.0;
				MTL_ENABLE_DEBUG_INFO = NO;
				MTL_FAST_MATH = YES;
				SDKROOT = iphoneos;
				SWIFT_COMPILATION_MODE = wholemodule;
				SWIFT_OPTIMIZATION_LEVEL = "-O";
				VALIDATE_PRODUCT = YES;
			};
			name = Release;
		};
		FF30F67D28E729770099317C /* Debug */ = {
			isa = XCBuildConfiguration;
			buildSettings = {
				ASSETCATALOG_COMPILER_APPICON_NAME = AppIcon;
				ASSETCATALOG_COMPILER_GLOBAL_ACCENT_COLOR_NAME = AccentColor;
				CODE_SIGN_STYLE = Automatic;
				CURRENT_PROJECT_VERSION = 1;
				DEVELOPMENT_TEAM = AF68Y4A9MG;
				GENERATE_INFOPLIST_FILE = YES;
				INFOPLIST_FILE = FindYourPath/App/Info.plist;
				INFOPLIST_KEY_UIApplicationSupportsIndirectInputEvents = YES;
				INFOPLIST_KEY_UILaunchStoryboardName = LaunchScreen;
				INFOPLIST_KEY_UISupportedInterfaceOrientations_iPad = "UIInterfaceOrientationPortrait UIInterfaceOrientationPortraitUpsideDown UIInterfaceOrientationLandscapeLeft UIInterfaceOrientationLandscapeRight";
				INFOPLIST_KEY_UISupportedInterfaceOrientations_iPhone = "UIInterfaceOrientationPortrait UIInterfaceOrientationLandscapeLeft UIInterfaceOrientationLandscapeRight";
				LD_RUNPATH_SEARCH_PATHS = (
					"$(inherited)",
					"@executable_path/Frameworks",
				);
				MARKETING_VERSION = 1.0;
				PRODUCT_BUNDLE_IDENTIFIER = "-.FindYourPath";
				PRODUCT_NAME = "$(TARGET_NAME)";
				SWIFT_EMIT_LOC_STRINGS = YES;
				SWIFT_VERSION = 5.0;
				TARGETED_DEVICE_FAMILY = "1,2";
			};
			name = Debug;
		};
		FF30F67E28E729770099317C /* Release */ = {
			isa = XCBuildConfiguration;
			buildSettings = {
				ASSETCATALOG_COMPILER_APPICON_NAME = AppIcon;
				ASSETCATALOG_COMPILER_GLOBAL_ACCENT_COLOR_NAME = AccentColor;
				CODE_SIGN_STYLE = Automatic;
				CURRENT_PROJECT_VERSION = 1;
				DEVELOPMENT_TEAM = AF68Y4A9MG;
				GENERATE_INFOPLIST_FILE = YES;
				INFOPLIST_FILE = FindYourPath/App/Info.plist;
				INFOPLIST_KEY_UIApplicationSupportsIndirectInputEvents = YES;
				INFOPLIST_KEY_UILaunchStoryboardName = LaunchScreen;
				INFOPLIST_KEY_UISupportedInterfaceOrientations_iPad = "UIInterfaceOrientationPortrait UIInterfaceOrientationPortraitUpsideDown UIInterfaceOrientationLandscapeLeft UIInterfaceOrientationLandscapeRight";
				INFOPLIST_KEY_UISupportedInterfaceOrientations_iPhone = "UIInterfaceOrientationPortrait UIInterfaceOrientationLandscapeLeft UIInterfaceOrientationLandscapeRight";
				LD_RUNPATH_SEARCH_PATHS = (
					"$(inherited)",
					"@executable_path/Frameworks",
				);
				MARKETING_VERSION = 1.0;
				PRODUCT_BUNDLE_IDENTIFIER = "-.FindYourPath";
				PRODUCT_NAME = "$(TARGET_NAME)";
				SWIFT_EMIT_LOC_STRINGS = YES;
				SWIFT_VERSION = 5.0;
				TARGETED_DEVICE_FAMILY = "1,2";
			};
			name = Release;
		};
/* End XCBuildConfiguration section */

/* Begin XCConfigurationList section */
		FF30F66328E7296D0099317C /* Build configuration list for PBXProject "FindYourPath" */ = {
			isa = XCConfigurationList;
			buildConfigurations = (
				FF30F67A28E729770099317C /* Debug */,
				FF30F67B28E729770099317C /* Release */,
			);
			defaultConfigurationIsVisible = 0;
			defaultConfigurationName = Release;
		};
		FF30F67C28E729770099317C /* Build configuration list for PBXNativeTarget "FindYourPath" */ = {
			isa = XCConfigurationList;
			buildConfigurations = (
				FF30F67D28E729770099317C /* Debug */,
				FF30F67E28E729770099317C /* Release */,
			);
			defaultConfigurationIsVisible = 0;
			defaultConfigurationName = Release;
		};
/* End XCConfigurationList section */
	};
	rootObject = FF30F66028E7296D0099317C /* Project object */;
}
